
Microsoft Visual Studio Solution File, Format Version 12.00
# Visual Studio Version 17
VisualStudioVersion = 17.2.32630.192
MinimumVisualStudioVersion = 10.0.40219.1
Project("{8BC9CEB8-8B4A-11D0-8D11-00A0C91BC942}") = "week2-assignment", "week2-assignment\week2-assignment.vcxproj", "{F3E1AD78-5EED-4DD2-B0F5-7AD29D6F026E}"
EndProject
Project("{8BC9CEB8-8B4A-11D0-8D11-00A0C91BC942}") = "week03", "week03\week03.vcxproj", "{E5C1308D-C093-4C68-B62F-16EC42069C8B}"
EndProject
Global
	GlobalSection(SolutionConfigurationPlatforms) = preSolution
		Debug|x64 = Debug|x64
		Debug|x86 = Debug|x86
		Release|x64 = Release|x64
		Release|x86 = Release|x86
	EndGlobalSection
	GlobalSection(ProjectConfigurationPlatforms) = postSolution
		{F3E1AD78-5EED-4DD2-B0F5-7AD29D6F026E}.Debug|x64.ActiveCfg = Debug|x64
		{F3E1AD78-5EED-4DD2-B0F5-7AD29D6F026E}.Debug|x64.Build.0 = Debug|x64
		{F3E1AD78-5EED-4DD2-B0F5-7AD29D6F026E}.Debug|x86.ActiveCfg = Debug|Win32
		{F3E1AD78-5EED-4DD2-B0F5-7AD29D6F026E}.Debug|x86.Build.0 = Debug|Win32
		{F3E1AD78-5EED-4DD2-B0F5-7AD29D6F026E}.Release|x64.ActiveCfg = Release|x64
		{F3E1AD78-5EED-4DD2-B0F5-7AD29D6F026E}.Release|x64.Build.0 = Release|x64
		{F3E1AD78-5EED-4DD2-B0F5-7AD29D6F026E}.Release|x86.ActiveCfg = Release|Win32
		{F3E1AD78-5EED-4DD2-B0F5-7AD29D6F026E}.Release|x86.Build.0 = Release|Win32
		{E5C1308D-C093-4C68-B62F-16EC42069C8B}.Debug|x64.ActiveCfg = Debug|x64
		{E5C1308D-C093-4C68-B62F-16EC42069C8B}.Debug|x64.Build.0 = Debug|x64
		{E5C1308D-C093-4C68-B62F-16EC42069C8B}.Debug|x86.ActiveCfg = Debug|Win32
		{E5C1308D-C093-4C68-B62F-16EC42069C8B}.Debug|x86.Build.0 = Debug|Win32
		{E5C1308D-C093-4C68-B62F-16EC42069C8B}.Release|x64.ActiveCfg = Release|x64
		{E5C1308D-C093-4C68-B62F-16EC42069C8B}.Release|x64.Build.0 = Release|x64
		{E5C1308D-C093-4C68-B62F-16EC42069C8B}.Release|x86.ActiveCfg = Release|Win32
		{E5C1308D-C093-4C68-B62F-16EC42069C8B}.Release|x86.Build.0 = Release|Win32
	EndGlobalSection
	GlobalSection(SolutionProperties) = preSolution
		HideSolutionNode = FALSE
	EndGlobalSection
	GlobalSection(ExtensibilityGlobals) = postSolution
		SolutionGuid = {8757D928-A8AE-4CAD-8E13-F9AAB891AD5B}
	EndGlobalSection
EndGlobal
